// !$*UTF8*$!
{
	archiveVersion = 1;
	classes = {
	};
	objectVersion = 46;
	objects = {

/* Begin PBXBuildFile section */
		968F94AE1C4860D9008FA0FA /* main.m in Sources */ = {isa = PBXBuildFile; fileRef = 968F94AD1C4860D9008FA0FA /* main.m */; };
		968F94B11C4860D9008FA0FA /* AppDelegate.m in Sources */ = {isa = PBXBuildFile; fileRef = 968F94B01C4860D9008FA0FA /* AppDelegate.m */; };
		968F94B41C4860D9008FA0FA /* ViewController.m in Sources */ = {isa = PBXBuildFile; fileRef = 968F94B31C4860D9008FA0FA /* ViewController.m */; };
		968F94B71C4860D9008FA0FA /* Main.storyboard in Resources */ = {isa = PBXBuildFile; fileRef = 968F94B51C4860D9008FA0FA /* Main.storyboard */; };
		968F94B91C4860D9008FA0FA /* Assets.xcassets in Resources */ = {isa = PBXBuildFile; fileRef = 968F94B81C4860D9008FA0FA /* Assets.xcassets */; };
		968F94BC1C4860D9008FA0FA /* LaunchScreen.storyboard in Resources */ = {isa = PBXBuildFile; fileRef = 968F94BA1C4860D9008FA0FA /* LaunchScreen.storyboard */; };
		968F94DB1C498D4F008FA0FA /* BlueBG.png in Resources */ = {isa = PBXBuildFile; fileRef = 968F94DA1C498D4F008FA0FA /* BlueBG.png */; };
/* End PBXBuildFile section */

/* Begin PBXFileReference section */
		968F94A91C4860D9008FA0FA /* BRMatchMakerApp.app */ = {isa = PBXFileReference; explicitFileType = wrapper.application; includeInIndex = 0; path = BRMatchMakerApp.app; sourceTree = BUILT_PRODUCTS_DIR; };
		968F94AD1C4860D9008FA0FA /* main.m */ = {isa = PBXFileReference; lastKnownFileType = sourcecode.c.objc; path = main.m; sourceTree = "<group>"; };
		968F94AF1C4860D9008FA0FA /* AppDelegate.h */ = {isa = PBXFileReference; lastKnownFileType = sourcecode.c.h; path = AppDelegate.h; sourceTree = "<group>"; };
		968F94B01C4860D9008FA0FA /* AppDelegate.m */ = {isa = PBXFileReference; lastKnownFileType = sourcecode.c.objc; path = AppDelegate.m; sourceTree = "<group>"; };
		968F94B21C4860D9008FA0FA /* ViewController.h */ = {isa = PBXFileReference; lastKnownFileType = sourcecode.c.h; path = ViewController.h; sourceTree = "<group>"; };
		968F94B31C4860D9008FA0FA /* ViewController.m */ = {isa = PBXFileReference; lastKnownFileType = sourcecode.c.objc; path = ViewController.m; sourceTree = "<group>"; };
		968F94B61C4860D9008FA0FA /* Base */ = {isa = PBXFileReference; lastKnownFileType = file.storyboard; name = Base; path = Base.lproj/Main.storyboard; sourceTree = "<group>"; };
		968F94B81C4860D9008FA0FA /* Assets.xcassets */ = {isa = PBXFileReference; lastKnownFileType = folder.assetcatalog; path = Assets.xcassets; sourceTree = "<group>"; };
		968F94BB1C4860D9008FA0FA /* Base */ = {isa = PBXFileReference; lastKnownFileType = file.storyboard; name = Base; path = Base.lproj/LaunchScreen.storyboard; sourceTree = "<group>"; };
		968F94BD1C4860D9008FA0FA /* Info.plist */ = {isa = PBXFileReference; lastKnownFileType = text.plist.xml; path = Info.plist; sourceTree = "<group>"; };
		968F94D91C4980B0008FA0FA /* Config.h */ = {isa = PBXFileReference; lastKnownFileType = sourcecode.c.h; path = Config.h; sourceTree = "<group>"; };
		968F94DA1C498D4F008FA0FA /* BlueBG.png */ = {isa = PBXFileReference; lastKnownFileType = image.png; path = BlueBG.png; sourceTree = "<group>"; };
/* End PBXFileReference section */

/* Begin PBXFrameworksBuildPhase section */
		968F94A61C4860D9008FA0FA /* Frameworks */ = {
			isa = PBXFrameworksBuildPhase;
			buildActionMask = 2147483647;
			files = (
			);
			runOnlyForDeploymentPostprocessing = 0;
		};
/* End PBXFrameworksBuildPhase section */

/* Begin PBXGroup section */
		968F94A01C4860D9008FA0FA = {
			isa = PBXGroup;
			children = (
				968F94AB1C4860D9008FA0FA /* BRMatchMakerApp */,
				968F94AA1C4860D9008FA0FA /* Products */,
			);
			sourceTree = "<group>";
		};
		968F94AA1C4860D9008FA0FA /* Products */ = {
			isa = PBXGroup;
			children = (
				968F94A91C4860D9008FA0FA /* BRMatchMakerApp.app */,
			);
			name = Products;
			sourceTree = "<group>";
		};
		968F94AB1C4860D9008FA0FA /* BRMatchMakerApp */ = {
			isa = PBXGroup;
			children = (
				968F94D91C4980B0008FA0FA /* Config.h */,
				968F94AF1C4860D9008FA0FA /* AppDelegate.h */,
				968F94B01C4860D9008FA0FA /* AppDelegate.m */,
				968F94B21C4860D9008FA0FA /* ViewController.h */,
				968F94B31C4860D9008FA0FA /* ViewController.m */,
				968F94B51C4860D9008FA0FA /* Main.storyboard */,
				968F94B81C4860D9008FA0FA /* Assets.xcassets */,
				968F94BA1C4860D9008FA0FA /* LaunchScreen.storyboard */,
				968F94BD1C4860D9008FA0FA /* Info.plist */,
				968F94AC1C4860D9008FA0FA /* Supporting Files */,
			);
			path = BRMatchMakerApp;
			sourceTree = "<group>";
		};
		968F94AC1C4860D9008FA0FA /* Supporting Files */ = {
			isa = PBXGroup;
			children = (
				968F94DA1C498D4F008FA0FA /* BlueBG.png */,
				968F94AD1C4860D9008FA0FA /* main.m */,
			);
			name = "Supporting Files";
			sourceTree = "<group>";
		};
/* End PBXGroup section */

/* Begin PBXNativeTarget section */
		968F94A81C4860D9008FA0FA /* BRMatchMakerApp */ = {
			isa = PBXNativeTarget;
			buildConfigurationList = 968F94C01C4860D9008FA0FA /* Build configuration list for PBXNativeTarget "BRMatchMakerApp" */;
			buildPhases = (
				968F94A51C4860D9008FA0FA /* Sources */,
				968F94A61C4860D9008FA0FA /* Frameworks */,
				968F94A71C4860D9008FA0FA /* Resources */,
			);
			buildRules = (
			);
			dependencies = (
			);
			name = BRMatchMakerApp;
			productName = WifiConfigurationProfileTest;
			productReference = 968F94A91C4860D9008FA0FA /* BRMatchMakerApp.app */;
			productType = "com.apple.product-type.application";
		};
/* End PBXNativeTarget section */

/* Begin PBXProject section */
		968F94A11C4860D9008FA0FA /* Project object */ = {
			isa = PBXProject;
			attributes = {
				LastUpgradeCheck = 0720;
				ORGANIZATIONNAME = PerpetualApps;
				TargetAttributes = {
					968F94A81C4860D9008FA0FA = {
						CreatedOnToolsVersion = 7.2;
					};
				};
			};
			buildConfigurationList = 968F94A41C4860D9008FA0FA /* Build configuration list for PBXProject "BRMatchMakerApp" */;
			compatibilityVersion = "Xcode 3.2";
			developmentRegion = English;
			hasScannedForEncodings = 0;
			knownRegions = (
				en,
				Base,
			);
			mainGroup = 968F94A01C4860D9008FA0FA;
			productRefGroup = 968F94AA1C4860D9008FA0FA /* Products */;
			projectDirPath = "";
			projectRoot = "";
			targets = (
				968F94A81C4860D9008FA0FA /* BRMatchMakerApp */,
			);
		};
/* End PBXProject section */

/* Begin PBXResourcesBuildPhase section */
		968F94A71C4860D9008FA0FA /* Resources */ = {
			isa = PBXResourcesBuildPhase;
			buildActionMask = 2147483647;
			files = (
				968F94BC1C4860D9008FA0FA /* LaunchScreen.storyboard in Resources */,
				968F94B91C4860D9008FA0FA /* Assets.xcassets in Resources */,
				968F94DB1C498D4F008FA0FA /* BlueBG.png in Resources */,
				968F94B71C4860D9008FA0FA /* Main.storyboard in Resources */,
			);
			runOnlyForDeploymentPostprocessing = 0;
		};
/* End PBXResourcesBuildPhase section */

/* Begin PBXSourcesBuildPhase section */
		968F94A51C4860D9008FA0FA /* Sources */ = {
			isa = PBXSourcesBuildPhase;
			buildActionMask = 2147483647;
			files = (
				968F94B41C4860D9008FA0FA /* ViewController.m in Sources */,
				968F94B11C4860D9008FA0FA /* AppDelegate.m in Sources */,
				968F94AE1C4860D9008FA0FA /* main.m in Sources */,
			);
			runOnlyForDeploymentPostprocessing = 0;
		};
/* End PBXSourcesBuildPhase section */

/* Begin PBXVariantGroup section */
		968F94B51C4860D9008FA0FA /* Main.storyboard */ = {
			isa = PBXVariantGroup;
			children = (
				968F94B61C4860D9008FA0FA /* Base */,
			);
			name = Main.storyboard;
			sourceTree = "<group>";
		};
		968F94BA1C4860D9008FA0FA /* LaunchScreen.storyboard */ = {
			isa = PBXVariantGroup;
			children = (
				968F94BB1C4860D9008FA0FA /* Base */,
			);
			name = LaunchScreen.storyboard;
			sourceTree = "<group>";
		};
/* End PBXVariantGroup section */

/* Begin XCBuildConfiguration section */
		968F94BE1C4860D9008FA0FA /* Debug */ = {
			isa = XCBuildConfiguration;
			buildSettings = {
				ALWAYS_SEARCH_USER_PATHS = NO;
				CLANG_CXX_LANGUAGE_STANDARD = "gnu++0x";
				CLANG_CXX_LIBRARY = "libc++";
				CLANG_ENABLE_MODULES = YES;
				CLANG_ENABLE_OBJC_ARC = YES;
				CLANG_WARN_BOOL_CONVERSION = YES;
				CLANG_WARN_CONSTANT_CONVERSION = YES;
				CLANG_WARN_DIRECT_OBJC_ISA_USAGE = YES_ERROR;
				CLANG_WARN_EMPTY_BODY = YES;
				CLANG_WARN_ENUM_CONVERSION = YES;
				CLANG_WARN_INT_CONVERSION = YES;
				CLANG_WARN_OBJC_ROOT_CLASS = YES_ERROR;
				CLANG_WARN_UNREACHABLE_CODE = YES;
				CLANG_WARN__DUPLICATE_METHOD_MATCH = YES;
				"CODE_SIGN_IDENTITY[sdk=iphoneos*]" = "iPhone Developer";
				COPY_PHASE_STRIP = NO;
				DEBUG_INFORMATION_FORMAT = dwarf;
				ENABLE_STRICT_OBJC_MSGSEND = YES;
				ENABLE_TESTABILITY = YES;
				GCC_C_LANGUAGE_STANDARD = gnu99;
				GCC_DYNAMIC_NO_PIC = NO;
				GCC_NO_COMMON_BLOCKS = YES;
				GCC_OPTIMIZATION_LEVEL = 0;
				GCC_PREPROCESSOR_DEFINITIONS = (
					"DEBUG=1",
					"$(inherited)",
				);
				GCC_WARN_64_TO_32_BIT_CONVERSION = YES;
				GCC_WARN_ABOUT_RETURN_TYPE = YES_ERROR;
				GCC_WARN_UNDECLARED_SELECTOR = YES;
				GCC_WARN_UNINITIALIZED_AUTOS = YES_AGGRESSIVE;
				GCC_WARN_UNUSED_FUNCTION = YES;
				GCC_WARN_UNUSED_VARIABLE = YES;
				IPHONEOS_DEPLOYMENT_TARGET = 9.2;
				MTL_ENABLE_DEBUG_INFO = YES;
				ONLY_ACTIVE_ARCH = YES;
				SDKROOT = iphoneos;
				TARGETED_DEVICE_FAMILY = "1,2";
			};
			name = Debug;
		};
		968F94BF1C4860D9008FA0FA /* Release */ = {
			isa = XCBuildConfiguration;
			buildSettings = {
				ALWAYS_SEARCH_USER_PATHS = NO;
				CLANG_CXX_LANGUAGE_STANDARD = "gnu++0x";
				CLANG_CXX_LIBRARY = "libc++";
				CLANG_ENABLE_MODULES = YES;
				CLANG_ENABLE_OBJC_ARC = YES;
				CLANG_WARN_BOOL_CONVERSION = YES;
				CLANG_WARN_CONSTANT_CONVERSION = YES;
				CLANG_WARN_DIRECT_OBJC_ISA_USAGE = YES_ERROR;
				CLANG_WARN_EMPTY_BODY = YES;
				CLANG_WARN_ENUM_CONVERSION = YES;
				CLANG_WARN_INT_CONVERSION = YES;
				CLANG_WARN_OBJC_ROOT_CLASS = YES_ERROR;
				CLANG_WARN_UNREACHABLE_CODE = YES;
				CLANG_WARN__DUPLICATE_METHOD_MATCH = YES;
				"CODE_SIGN_IDENTITY[sdk=iphoneos*]" = "iPhone Developer";
				COPY_PHASE_STRIP = NO;
				DEBUG_INFORMATION_FORMAT = "dwarf-with-dsym";
				ENABLE_NS_ASSERTIONS = NO;
				ENABLE_STRICT_OBJC_MSGSEND = YES;
				GCC_C_LANGUAGE_STANDARD = gnu99;
				GCC_NO_COMMON_BLOCKS = YES;
				GCC_WARN_64_TO_32_BIT_CONVERSION = YES;
				GCC_WARN_ABOUT_RETURN_TYPE = YES_ERROR;
				GCC_WARN_UNDECLARED_SELECTOR = YES;
				GCC_WARN_UNINITIALIZED_AUTOS = YES_AGGRESSIVE;
				GCC_WARN_UNUSED_FUNCTION = YES;
				GCC_WARN_UNUSED_VARIABLE = YES;
				IPHONEOS_DEPLOYMENT_TARGET = 9.2;
				MTL_ENABLE_DEBUG_INFO = NO;
				SDKROOT = iphoneos;
				TARGETED_DEVICE_FAMILY = "1,2";
				VALIDATE_PRODUCT = YES;
			};
			name = Release;
		};
		968F94C11C4860D9008FA0FA /* Debug */ = {
			isa = XCBuildConfiguration;
			buildSettings = {
				ASSETCATALOG_COMPILER_APPICON_NAME = AppIcon;
				INFOPLIST_FILE = BRMatchMakerApp/Info.plist;
				LD_RUNPATH_SEARCH_PATHS = "$(inherited) @executable_path/Frameworks";
				PRODUCT_BUNDLE_IDENTIFIER = BR.BRMatchMakerApp;
				PRODUCT_NAME = BRMatchMakerApp;
			};
			name = Debug;
		};
		968F94C21C4860D9008FA0FA /* Release */ = {
			isa = XCBuildConfiguration;
			buildSettings = {
				ASSETCATALOG_COMPILER_APPICON_NAME = AppIcon;
				INFOPLIST_FILE = BRMatchMakerApp/Info.plist;
				LD_RUNPATH_SEARCH_PATHS = "$(inherited) @executable_path/Frameworks";
				PRODUCT_BUNDLE_IDENTIFIER = BR.BRMatchMakerApp;
				PRODUCT_NAME = BRMatchMakerApp;
			};
			name = Release;
		};
/* End XCBuildConfiguration section */

/* Begin XCConfigurationList section */
		968F94A41C4860D9008FA0FA /* Build configuration list for PBXProject "BRMatchMakerApp" */ = {
			isa = XCConfigurationList;
			buildConfigurations = (
				968F94BE1C4860D9008FA0FA /* Debug */,
				968F94BF1C4860D9008FA0FA /* Release */,
			);
			defaultConfigurationIsVisible = 0;
			defaultConfigurationName = Release;
		};
		968F94C01C4860D9008FA0FA /* Build configuration list for PBXNativeTarget "BRMatchMakerApp" */ = {
			isa = XCConfigurationList;
			buildConfigurations = (
				968F94C11C4860D9008FA0FA /* Debug */,
				968F94C21C4860D9008FA0FA /* Release */,
			);
			defaultConfigurationIsVisible = 0;
			defaultConfigurationName = Release;
		};
/* End XCConfigurationList section */
	};
	rootObject = 968F94A11C4860D9008FA0FA /* Project object */;
}
